
Microsoft Visual Studio Solution File, Format Version 12.00
# Visual Studio Version 16
VisualStudioVersion = 16.0.31112.23
MinimumVisualStudioVersion = 10.0.40219.1
Project("{9A19103F-16F7-4668-BE54-9A1E7A4F7556}") = "Battleship.Domain", "Battleship.Domain\Battleship.Domain.csproj", "{3C9CC5A4-BA1A-4F15-B4A4-0FC4314ACD9E}"
EndProject
Project("{FAE04EC0-301F-11D3-BF4B-00C04F79EFBC}") = "Battleship.Web", "Battleship.Web\Battleship.Web.csproj", "{FD436CDC-E7BE-4801-B810-77E042718E58}"
EndProject
Global
	GlobalSection(SolutionConfigurationPlatforms) = preSolution
		Debug|Any CPU = Debug|Any CPU
		Release|Any CPU = Release|Any CPU
	EndGlobalSection
	GlobalSection(ProjectConfigurationPlatforms) = postSolution
		{3C9CC5A4-BA1A-4F15-B4A4-0FC4314ACD9E}.Debug|Any CPU.ActiveCfg = Debug|Any CPU
		{3C9CC5A4-BA1A-4F15-B4A4-0FC4314ACD9E}.Debug|Any CPU.Build.0 = Debug|Any CPU
		{3C9CC5A4-BA1A-4F15-B4A4-0FC4314ACD9E}.Release|Any CPU.ActiveCfg = Release|Any CPU
		{3C9CC5A4-BA1A-4F15-B4A4-0FC4314ACD9E}.Release|Any CPU.Build.0 = Release|Any CPU
		{FD436CDC-E7BE-4801-B810-77E042718E58}.Debug|Any CPU.ActiveCfg = Debug|Any CPU
		{FD436CDC-E7BE-4801-B810-77E042718E58}.Debug|Any CPU.Build.0 = Debug|Any CPU
		{FD436CDC-E7BE-4801-B810-77E042718E58}.Release|Any CPU.ActiveCfg = Release|Any CPU
		{FD436CDC-E7BE-4801-B810-77E042718E58}.Release|Any CPU.Build.0 = Release|Any CPU
	EndGlobalSection
	GlobalSection(SolutionProperties) = preSolution
		HideSolutionNode = FALSE
	EndGlobalSection
	GlobalSection(ExtensibilityGlobals) = postSolution
		SolutionGuid = {CFC595A5-4E0B-4FFC-92EA-ED40A1C0C8E5}
	EndGlobalSection
EndGlobal
